
Microsoft Visual Studio Solution File, Format Version 12.00
# Visual Studio Version 17
VisualStudioVersion = 17.0.32014.148
MinimumVisualStudioVersion = 10.0.40219.1
Project("{FAE04EC0-301F-11D3-BF4B-00C04F79EFBC}") = "LinqProjection", "LinqProjection\LinqProjection.csproj", "{5D03F2D4-7C57-499D-9F33-92EEFA6C08D6}"
EndProject
Global
	GlobalSection(SolutionConfigurationPlatforms) = preSolution
		Debug|Any CPU = Debug|Any CPU
		Release|Any CPU = Release|Any CPU
	EndGlobalSection
	GlobalSection(ProjectConfigurationPlatforms) = postSolution
		{5D03F2D4-7C57-499D-9F33-92EEFA6C08D6}.Debug|Any CPU.ActiveCfg = Debug|Any CPU
		{5D03F2D4-7C57-499D-9F33-92EEFA6C08D6}.Debug|Any CPU.Build.0 = Debug|Any CPU
		{5D03F2D4-7C57-499D-9F33-92EEFA6C08D6}.Release|Any CPU.ActiveCfg = Release|Any CPU
		{5D03F2D4-7C57-499D-9F33-92EEFA6C08D6}.Release|Any CPU.Build.0 = Release|Any CPU
	EndGlobalSection
	GlobalSection(SolutionProperties) = preSolution
		HideSolutionNode = FALSE
	EndGlobalSection
	GlobalSection(ExtensibilityGlobals) = postSolution
		SolutionGuid = {004CC922-B44F-4F3C-B301-B431D1F22E22}
	EndGlobalSection
EndGlobal
