
Microsoft Visual Studio Solution File, Format Version 12.00
# Visual Studio Version 17
VisualStudioVersion = 17.0.32014.148
MinimumVisualStudioVersion = 10.0.40219.1
Project("{FAE04EC0-301F-11D3-BF4B-00C04F79EFBC}") = "Debugging", "Debugging\Debugging.csproj", "{EDF6601C-94B3-4911-924E-66D8954CA1E7}"
EndProject
Global
	GlobalSection(SolutionConfigurationPlatforms) = preSolution
		Debug|Any CPU = Debug|Any CPU
		Release|Any CPU = Release|Any CPU
	EndGlobalSection
	GlobalSection(ProjectConfigurationPlatforms) = postSolution
		{EDF6601C-94B3-4911-924E-66D8954CA1E7}.Debug|Any CPU.ActiveCfg = Debug|Any CPU
		{EDF6601C-94B3-4911-924E-66D8954CA1E7}.Debug|Any CPU.Build.0 = Debug|Any CPU
		{EDF6601C-94B3-4911-924E-66D8954CA1E7}.Release|Any CPU.ActiveCfg = Release|Any CPU
		{EDF6601C-94B3-4911-924E-66D8954CA1E7}.Release|Any CPU.Build.0 = Release|Any CPU
	EndGlobalSection
	GlobalSection(SolutionProperties) = preSolution
		HideSolutionNode = FALSE
	EndGlobalSection
	GlobalSection(ExtensibilityGlobals) = postSolution
		SolutionGuid = {D6561CEF-9144-4A8B-B32E-74DA90F0B9EA}
	EndGlobalSection
EndGlobal
