
Microsoft Visual Studio Solution File, Format Version 12.00
# Visual Studio Version 17
VisualStudioVersion = 17.0.32014.148
MinimumVisualStudioVersion = 10.0.40219.1
Project("{FAE04EC0-301F-11D3-BF4B-00C04F79EFBC}") = "SimplifiedQuizApp", "SimplifiedQuizApp\SimplifiedQuizApp.csproj", "{880CAA00-CDE2-4FBF-9BA9-BC6FD28A7BF7}"
EndProject
Global
	GlobalSection(SolutionConfigurationPlatforms) = preSolution
		Debug|Any CPU = Debug|Any CPU
		Release|Any CPU = Release|Any CPU
	EndGlobalSection
	GlobalSection(ProjectConfigurationPlatforms) = postSolution
		{880CAA00-CDE2-4FBF-9BA9-BC6FD28A7BF7}.Debug|Any CPU.ActiveCfg = Debug|Any CPU
		{880CAA00-CDE2-4FBF-9BA9-BC6FD28A7BF7}.Debug|Any CPU.Build.0 = Debug|Any CPU
		{880CAA00-CDE2-4FBF-9BA9-BC6FD28A7BF7}.Release|Any CPU.ActiveCfg = Release|Any CPU
		{880CAA00-CDE2-4FBF-9BA9-BC6FD28A7BF7}.Release|Any CPU.Build.0 = Release|Any CPU
	EndGlobalSection
	GlobalSection(SolutionProperties) = preSolution
		HideSolutionNode = FALSE
	EndGlobalSection
	GlobalSection(ExtensibilityGlobals) = postSolution
		SolutionGuid = {47247EDB-4026-4298-8993-19E8CFB89A04}
	EndGlobalSection
EndGlobal
