
Microsoft Visual Studio Solution File, Format Version 12.00
# Visual Studio Version 16
VisualStudioVersion = 16.0.32106.194
MinimumVisualStudioVersion = 10.0.40219.1
Project("{FAE04EC0-301F-11D3-BF4B-00C04F79EFBC}") = "MoneyBox.ConsoleApp", "ConsoleApp1\MoneyBox.ConsoleApp.csproj", "{AC36FC30-78C2-470E-936E-625317B4BEE6}"
EndProject
Project("{FAE04EC0-301F-11D3-BF4B-00C04F79EFBC}") = "MoneyBox.App", "MoneyBox.App\MoneyBox.App.csproj", "{C2EC5E00-81AE-49E2-B575-2E3DB497D5B5}"
EndProject
Project("{FAE04EC0-301F-11D3-BF4B-00C04F79EFBC}") = "MoneyBox.App.Test", "MoneyBox.App.Test\MoneyBox.App.Test.csproj", "{D279A38B-0951-4F40-9ABB-2858BDAC9EDE}"
EndProject
Project("{FAE04EC0-301F-11D3-BF4B-00C04F79EFBC}") = "UnitTestProject1", "UnitTestProject1\UnitTestProject1.csproj", "{FE940875-3EF9-411D-B7F7-C55C31DF8E95}"
EndProject
Global
	GlobalSection(SolutionConfigurationPlatforms) = preSolution
		Debug|Any CPU = Debug|Any CPU
		Release|Any CPU = Release|Any CPU
	EndGlobalSection
	GlobalSection(ProjectConfigurationPlatforms) = postSolution
		{AC36FC30-78C2-470E-936E-625317B4BEE6}.Debug|Any CPU.ActiveCfg = Debug|Any CPU
		{AC36FC30-78C2-470E-936E-625317B4BEE6}.Debug|Any CPU.Build.0 = Debug|Any CPU
		{AC36FC30-78C2-470E-936E-625317B4BEE6}.Release|Any CPU.ActiveCfg = Release|Any CPU
		{AC36FC30-78C2-470E-936E-625317B4BEE6}.Release|Any CPU.Build.0 = Release|Any CPU
		{C2EC5E00-81AE-49E2-B575-2E3DB497D5B5}.Debug|Any CPU.ActiveCfg = Debug|Any CPU
		{C2EC5E00-81AE-49E2-B575-2E3DB497D5B5}.Debug|Any CPU.Build.0 = Debug|Any CPU
		{C2EC5E00-81AE-49E2-B575-2E3DB497D5B5}.Release|Any CPU.ActiveCfg = Release|Any CPU
		{C2EC5E00-81AE-49E2-B575-2E3DB497D5B5}.Release|Any CPU.Build.0 = Release|Any CPU
		{D279A38B-0951-4F40-9ABB-2858BDAC9EDE}.Debug|Any CPU.ActiveCfg = Debug|Any CPU
		{D279A38B-0951-4F40-9ABB-2858BDAC9EDE}.Debug|Any CPU.Build.0 = Debug|Any CPU
		{D279A38B-0951-4F40-9ABB-2858BDAC9EDE}.Release|Any CPU.ActiveCfg = Release|Any CPU
		{D279A38B-0951-4F40-9ABB-2858BDAC9EDE}.Release|Any CPU.Build.0 = Release|Any CPU
		{FE940875-3EF9-411D-B7F7-C55C31DF8E95}.Debug|Any CPU.ActiveCfg = Debug|Any CPU
		{FE940875-3EF9-411D-B7F7-C55C31DF8E95}.Debug|Any CPU.Build.0 = Debug|Any CPU
		{FE940875-3EF9-411D-B7F7-C55C31DF8E95}.Release|Any CPU.ActiveCfg = Release|Any CPU
		{FE940875-3EF9-411D-B7F7-C55C31DF8E95}.Release|Any CPU.Build.0 = Release|Any CPU
	EndGlobalSection
	GlobalSection(SolutionProperties) = preSolution
		HideSolutionNode = FALSE
	EndGlobalSection
	GlobalSection(ExtensibilityGlobals) = postSolution
		SolutionGuid = {E283E803-86A3-4F97-A0F7-FCD703D62CCD}
	EndGlobalSection
EndGlobal
