
Microsoft Visual Studio Solution File, Format Version 12.00
# Visual Studio Version 17
VisualStudioVersion = 17.2.32630.192
MinimumVisualStudioVersion = 10.0.40219.1
Project("{FAE04EC0-301F-11D3-BF4B-00C04F79EFBC}") = "Hotel", "Hotel\Hotel.csproj", "{90701A82-2C15-459A-A26F-07AE094F9F34}"
EndProject
Project("{FAE04EC0-301F-11D3-BF4B-00C04F79EFBC}") = "HotelTests", "HotelTests\HotelTests.csproj", "{499B0C00-D8DB-4C73-B2F4-F50A8AF74A0D}"
EndProject
Global
	GlobalSection(SolutionConfigurationPlatforms) = preSolution
		Debug|Any CPU = Debug|Any CPU
		Release|Any CPU = Release|Any CPU
	EndGlobalSection
	GlobalSection(ProjectConfigurationPlatforms) = postSolution
		{90701A82-2C15-459A-A26F-07AE094F9F34}.Debug|Any CPU.ActiveCfg = Debug|Any CPU
		{90701A82-2C15-459A-A26F-07AE094F9F34}.Debug|Any CPU.Build.0 = Debug|Any CPU
		{90701A82-2C15-459A-A26F-07AE094F9F34}.Release|Any CPU.ActiveCfg = Release|Any CPU
		{90701A82-2C15-459A-A26F-07AE094F9F34}.Release|Any CPU.Build.0 = Release|Any CPU
		{499B0C00-D8DB-4C73-B2F4-F50A8AF74A0D}.Debug|Any CPU.ActiveCfg = Debug|Any CPU
		{499B0C00-D8DB-4C73-B2F4-F50A8AF74A0D}.Debug|Any CPU.Build.0 = Debug|Any CPU
		{499B0C00-D8DB-4C73-B2F4-F50A8AF74A0D}.Release|Any CPU.ActiveCfg = Release|Any CPU
		{499B0C00-D8DB-4C73-B2F4-F50A8AF74A0D}.Release|Any CPU.Build.0 = Release|Any CPU
	EndGlobalSection
	GlobalSection(SolutionProperties) = preSolution
		HideSolutionNode = FALSE
	EndGlobalSection
	GlobalSection(ExtensibilityGlobals) = postSolution
		SolutionGuid = {52399547-8982-4FA6-BCD2-CE0B08629358}
	EndGlobalSection
EndGlobal
