
Microsoft Visual Studio Solution File, Format Version 12.00
# Visual Studio Version 17
VisualStudioVersion = 17.0.32112.339
MinimumVisualStudioVersion = 10.0.40219.1
Project("{FAE04EC0-301F-11D3-BF4B-00C04F79EFBC}") = "CRUDEdictionary", "CRUDEdictionary\CRUDEdictionary.csproj", "{D14526E9-85E9-4CF9-A486-BAF85CDA27F8}"
EndProject
Global
	GlobalSection(SolutionConfigurationPlatforms) = preSolution
		Debug|Any CPU = Debug|Any CPU
		Release|Any CPU = Release|Any CPU
	EndGlobalSection
	GlobalSection(ProjectConfigurationPlatforms) = postSolution
		{D14526E9-85E9-4CF9-A486-BAF85CDA27F8}.Debug|Any CPU.ActiveCfg = Debug|Any CPU
		{D14526E9-85E9-4CF9-A486-BAF85CDA27F8}.Debug|Any CPU.Build.0 = Debug|Any CPU
		{D14526E9-85E9-4CF9-A486-BAF85CDA27F8}.Release|Any CPU.ActiveCfg = Release|Any CPU
		{D14526E9-85E9-4CF9-A486-BAF85CDA27F8}.Release|Any CPU.Build.0 = Release|Any CPU
	EndGlobalSection
	GlobalSection(SolutionProperties) = preSolution
		HideSolutionNode = FALSE
	EndGlobalSection
	GlobalSection(ExtensibilityGlobals) = postSolution
		SolutionGuid = {AAF06231-8C32-4CFD-AD72-B63BA332AB15}
	EndGlobalSection
EndGlobal
